
Microsoft Visual Studio Solution File, Format Version 12.00
Project("{FAE04EC0-301F-11D3-BF4B-00C04F79EFBC}") = "Adventure League Log Downloader", "Adventure League Log Downloader\Adventure League Log Downloader.csproj", "{767D629B-6C1D-4637-B5AD-5AD4F09188FB}"
EndProject
Global
	GlobalSection(SolutionConfigurationPlatforms) = preSolution
		Debug|Any CPU = Debug|Any CPU
		Release|Any CPU = Release|Any CPU
	EndGlobalSection
	GlobalSection(ProjectConfigurationPlatforms) = postSolution
		{767D629B-6C1D-4637-B5AD-5AD4F09188FB}.Debug|Any CPU.ActiveCfg = Debug|Any CPU
		{767D629B-6C1D-4637-B5AD-5AD4F09188FB}.Debug|Any CPU.Build.0 = Debug|Any CPU
		{767D629B-6C1D-4637-B5AD-5AD4F09188FB}.Release|Any CPU.ActiveCfg = Release|Any CPU
		{767D629B-6C1D-4637-B5AD-5AD4F09188FB}.Release|Any CPU.Build.0 = Release|Any CPU
	EndGlobalSection
EndGlobal
